
Microsoft Visual Studio Solution File, Format Version 12.00
# Visual Studio Version 16
VisualStudioVersion = 16.0.30128.74
MinimumVisualStudioVersion = 15.0.26124.0
Project("{2150E333-8FDC-42A3-9474-1A3956D46DE8}") = "src", "src", "{9DB65CE3-D421-4888-80F2-C2212E4D2CFC}"
EndProject
Project("{9A19103F-16F7-4668-BE54-9A1E7A4F7556}") = "IdentityServer", "src\IdentityServer\IdentityServer.csproj", "{8273F6C7-1EC6-470E-B69F-64841C34F5C9}"
EndProject
Project("{9A19103F-16F7-4668-BE54-9A1E7A4F7556}") = "Api", "src\Api\Api.csproj", "{CC28CB6F-D37E-4903-A6FA-B7736090739F}"
EndProject
Project("{9A19103F-16F7-4668-BE54-9A1E7A4F7556}") = "Client", "src\Client\Client.csproj", "{10544837-2260-4C0A-9AAE-BA4DDB6D2C8A}"
EndProject
Project("{9A19103F-16F7-4668-BE54-9A1E7A4F7556}") = "MVCClient", "src\MVCClient\MVCClient.csproj", "{010509F5-0E27-43EC-8982-63D22C1AB020}"
EndProject
Project("{FAE04EC0-301F-11D3-BF4B-00C04F79EFBC}") = "JavaScriptClient", "JavaScriptClient\JavaScriptClient.csproj", "{CDFA59E7-8651-4DC4-8725-B4482AC70FE9}"
EndProject
Global
	GlobalSection(SolutionConfigurationPlatforms) = preSolution
		Debug|Any CPU = Debug|Any CPU
		Debug|x64 = Debug|x64
		Debug|x86 = Debug|x86
		Release|Any CPU = Release|Any CPU
		Release|x64 = Release|x64
		Release|x86 = Release|x86
	EndGlobalSection
	GlobalSection(ProjectConfigurationPlatforms) = postSolution
		{8273F6C7-1EC6-470E-B69F-64841C34F5C9}.Debug|Any CPU.ActiveCfg = Debug|Any CPU
		{8273F6C7-1EC6-470E-B69F-64841C34F5C9}.Debug|Any CPU.Build.0 = Debug|Any CPU
		{8273F6C7-1EC6-470E-B69F-64841C34F5C9}.Debug|x64.ActiveCfg = Debug|Any CPU
		{8273F6C7-1EC6-470E-B69F-64841C34F5C9}.Debug|x64.Build.0 = Debug|Any CPU
		{8273F6C7-1EC6-470E-B69F-64841C34F5C9}.Debug|x86.ActiveCfg = Debug|Any CPU
		{8273F6C7-1EC6-470E-B69F-64841C34F5C9}.Debug|x86.Build.0 = Debug|Any CPU
		{8273F6C7-1EC6-470E-B69F-64841C34F5C9}.Release|Any CPU.ActiveCfg = Release|Any CPU
		{8273F6C7-1EC6-470E-B69F-64841C34F5C9}.Release|Any CPU.Build.0 = Release|Any CPU
		{8273F6C7-1EC6-470E-B69F-64841C34F5C9}.Release|x64.ActiveCfg = Release|Any CPU
		{8273F6C7-1EC6-470E-B69F-64841C34F5C9}.Release|x64.Build.0 = Release|Any CPU
		{8273F6C7-1EC6-470E-B69F-64841C34F5C9}.Release|x86.ActiveCfg = Release|Any CPU
		{8273F6C7-1EC6-470E-B69F-64841C34F5C9}.Release|x86.Build.0 = Release|Any CPU
		{CC28CB6F-D37E-4903-A6FA-B7736090739F}.Debug|Any CPU.ActiveCfg = Debug|Any CPU
		{CC28CB6F-D37E-4903-A6FA-B7736090739F}.Debug|Any CPU.Build.0 = Debug|Any CPU
		{CC28CB6F-D37E-4903-A6FA-B7736090739F}.Debug|x64.ActiveCfg = Debug|Any CPU
		{CC28CB6F-D37E-4903-A6FA-B7736090739F}.Debug|x64.Build.0 = Debug|Any CPU
		{CC28CB6F-D37E-4903-A6FA-B7736090739F}.Debug|x86.ActiveCfg = Debug|Any CPU
		{CC28CB6F-D37E-4903-A6FA-B7736090739F}.Debug|x86.Build.0 = Debug|Any CPU
		{CC28CB6F-D37E-4903-A6FA-B7736090739F}.Release|Any CPU.ActiveCfg = Release|Any CPU
		{CC28CB6F-D37E-4903-A6FA-B7736090739F}.Release|Any CPU.Build.0 = Release|Any CPU
		{CC28CB6F-D37E-4903-A6FA-B7736090739F}.Release|x64.ActiveCfg = Release|Any CPU
		{CC28CB6F-D37E-4903-A6FA-B7736090739F}.Release|x64.Build.0 = Release|Any CPU
		{CC28CB6F-D37E-4903-A6FA-B7736090739F}.Release|x86.ActiveCfg = Release|Any CPU
		{CC28CB6F-D37E-4903-A6FA-B7736090739F}.Release|x86.Build.0 = Release|Any CPU
		{10544837-2260-4C0A-9AAE-BA4DDB6D2C8A}.Debug|Any CPU.ActiveCfg = Debug|Any CPU
		{10544837-2260-4C0A-9AAE-BA4DDB6D2C8A}.Debug|Any CPU.Build.0 = Debug|Any CPU
		{10544837-2260-4C0A-9AAE-BA4DDB6D2C8A}.Debug|x64.ActiveCfg = Debug|Any CPU
		{10544837-2260-4C0A-9AAE-BA4DDB6D2C8A}.Debug|x64.Build.0 = Debug|Any CPU
		{10544837-2260-4C0A-9AAE-BA4DDB6D2C8A}.Debug|x86.ActiveCfg = Debug|Any CPU
		{10544837-2260-4C0A-9AAE-BA4DDB6D2C8A}.Debug|x86.Build.0 = Debug|Any CPU
		{10544837-2260-4C0A-9AAE-BA4DDB6D2C8A}.Release|Any CPU.ActiveCfg = Release|Any CPU
		{10544837-2260-4C0A-9AAE-BA4DDB6D2C8A}.Release|Any CPU.Build.0 = Release|Any CPU
		{10544837-2260-4C0A-9AAE-BA4DDB6D2C8A}.Release|x64.ActiveCfg = Release|Any CPU
		{10544837-2260-4C0A-9AAE-BA4DDB6D2C8A}.Release|x64.Build.0 = Release|Any CPU
		{10544837-2260-4C0A-9AAE-BA4DDB6D2C8A}.Release|x86.ActiveCfg = Release|Any CPU
		{10544837-2260-4C0A-9AAE-BA4DDB6D2C8A}.Release|x86.Build.0 = Release|Any CPU
		{010509F5-0E27-43EC-8982-63D22C1AB020}.Debug|Any CPU.ActiveCfg = Debug|Any CPU
		{010509F5-0E27-43EC-8982-63D22C1AB020}.Debug|Any CPU.Build.0 = Debug|Any CPU
		{010509F5-0E27-43EC-8982-63D22C1AB020}.Debug|x64.ActiveCfg = Debug|Any CPU
		{010509F5-0E27-43EC-8982-63D22C1AB020}.Debug|x64.Build.0 = Debug|Any CPU
		{010509F5-0E27-43EC-8982-63D22C1AB020}.Debug|x86.ActiveCfg = Debug|Any CPU
		{010509F5-0E27-43EC-8982-63D22C1AB020}.Debug|x86.Build.0 = Debug|Any CPU
		{010509F5-0E27-43EC-8982-63D22C1AB020}.Release|Any CPU.ActiveCfg = Release|Any CPU
		{010509F5-0E27-43EC-8982-63D22C1AB020}.Release|Any CPU.Build.0 = Release|Any CPU
		{010509F5-0E27-43EC-8982-63D22C1AB020}.Release|x64.ActiveCfg = Release|Any CPU
		{010509F5-0E27-43EC-8982-63D22C1AB020}.Release|x64.Build.0 = Release|Any CPU
		{010509F5-0E27-43EC-8982-63D22C1AB020}.Release|x86.ActiveCfg = Release|Any CPU
		{010509F5-0E27-43EC-8982-63D22C1AB020}.Release|x86.Build.0 = Release|Any CPU
		{CDFA59E7-8651-4DC4-8725-B4482AC70FE9}.Debug|Any CPU.ActiveCfg = Debug|Any CPU
		{CDFA59E7-8651-4DC4-8725-B4482AC70FE9}.Debug|Any CPU.Build.0 = Debug|Any CPU
		{CDFA59E7-8651-4DC4-8725-B4482AC70FE9}.Debug|x64.ActiveCfg = Debug|Any CPU
		{CDFA59E7-8651-4DC4-8725-B4482AC70FE9}.Debug|x64.Build.0 = Debug|Any CPU
		{CDFA59E7-8651-4DC4-8725-B4482AC70FE9}.Debug|x86.ActiveCfg = Debug|Any CPU
		{CDFA59E7-8651-4DC4-8725-B4482AC70FE9}.Debug|x86.Build.0 = Debug|Any CPU
		{CDFA59E7-8651-4DC4-8725-B4482AC70FE9}.Release|Any CPU.ActiveCfg = Release|Any CPU
		{CDFA59E7-8651-4DC4-8725-B4482AC70FE9}.Release|Any CPU.Build.0 = Release|Any CPU
		{CDFA59E7-8651-4DC4-8725-B4482AC70FE9}.Release|x64.ActiveCfg = Release|Any CPU
		{CDFA59E7-8651-4DC4-8725-B4482AC70FE9}.Release|x64.Build.0 = Release|Any CPU
		{CDFA59E7-8651-4DC4-8725-B4482AC70FE9}.Release|x86.ActiveCfg = Release|Any CPU
		{CDFA59E7-8651-4DC4-8725-B4482AC70FE9}.Release|x86.Build.0 = Release|Any CPU
	EndGlobalSection
	GlobalSection(SolutionProperties) = preSolution
		HideSolutionNode = FALSE
	EndGlobalSection
	GlobalSection(NestedProjects) = preSolution
		{8273F6C7-1EC6-470E-B69F-64841C34F5C9} = {9DB65CE3-D421-4888-80F2-C2212E4D2CFC}
		{CC28CB6F-D37E-4903-A6FA-B7736090739F} = {9DB65CE3-D421-4888-80F2-C2212E4D2CFC}
		{10544837-2260-4C0A-9AAE-BA4DDB6D2C8A} = {9DB65CE3-D421-4888-80F2-C2212E4D2CFC}
		{010509F5-0E27-43EC-8982-63D22C1AB020} = {9DB65CE3-D421-4888-80F2-C2212E4D2CFC}
		{CDFA59E7-8651-4DC4-8725-B4482AC70FE9} = {9DB65CE3-D421-4888-80F2-C2212E4D2CFC}
	EndGlobalSection
	GlobalSection(ExtensibilityGlobals) = postSolution
		SolutionGuid = {219277BF-BA04-449B-A8AF-5EE7EBE9144C}
	EndGlobalSection
EndGlobal
